
Microsoft Visual Studio Solution File, Format Version 12.00
# Visual Studio 15
VisualStudioVersion = 15.0.27428.2011
MinimumVisualStudioVersion = 10.0.40219.1
Project("{FAE04EC0-301F-11D3-BF4B-00C04F79EFBC}") = "Practices", "Practices\Practices.csproj", "{D73788E8-2600-4FF5-95DF-381B348FC7B2}"
EndProject
Project("{FAE04EC0-301F-11D3-BF4B-00C04F79EFBC}") = "Practice.Classlibrary", "Practice.Classlibrary\Practice.Classlibrary.csproj", "{5D005B83-2CBE-4445-BB79-9978D61E1677}"
EndProject
Global
	GlobalSection(SolutionConfigurationPlatforms) = preSolution
		Debug|Any CPU = Debug|Any CPU
		Release|Any CPU = Release|Any CPU
	EndGlobalSection
	GlobalSection(ProjectConfigurationPlatforms) = postSolution
		{D73788E8-2600-4FF5-95DF-381B348FC7B2}.Debug|Any CPU.ActiveCfg = Debug|Any CPU
		{D73788E8-2600-4FF5-95DF-381B348FC7B2}.Debug|Any CPU.Build.0 = Debug|Any CPU
		{D73788E8-2600-4FF5-95DF-381B348FC7B2}.Release|Any CPU.ActiveCfg = Release|Any CPU
		{D73788E8-2600-4FF5-95DF-381B348FC7B2}.Release|Any CPU.Build.0 = Release|Any CPU
		{5D005B83-2CBE-4445-BB79-9978D61E1677}.Debug|Any CPU.ActiveCfg = Debug|Any CPU
		{5D005B83-2CBE-4445-BB79-9978D61E1677}.Debug|Any CPU.Build.0 = Debug|Any CPU
		{5D005B83-2CBE-4445-BB79-9978D61E1677}.Release|Any CPU.ActiveCfg = Release|Any CPU
		{5D005B83-2CBE-4445-BB79-9978D61E1677}.Release|Any CPU.Build.0 = Release|Any CPU
	EndGlobalSection
	GlobalSection(SolutionProperties) = preSolution
		HideSolutionNode = FALSE
	EndGlobalSection
	GlobalSection(ExtensibilityGlobals) = postSolution
		SolutionGuid = {BB8C0A43-9FAF-4267-AFB6-C06F825378E2}
	EndGlobalSection
EndGlobal
